
Microsoft Visual Studio Solution File, Format Version 12.00
# Visual Studio 14
VisualStudioVersion = 14.0.25420.1
MinimumVisualStudioVersion = 10.0.40219.1
Project("{2150E333-8FDC-42A3-9474-1A3956D46DE8}") = "Mobile", "Mobile", "{A40EDE6E-535F-4F6F-9BD7-587BD049CD88}"
EndProject
Project("{2150E333-8FDC-42A3-9474-1A3956D46DE8}") = "Cloud", "Cloud", "{98A2C71F-BF3F-4E6E-9253-E81DA6D39B2E}"
EndProject
Project("{FAE04EC0-301F-11D3-BF4B-00C04F79EFBC}") = "Xamarin.WebRTC.StunTurn", "Cloud\Xamarin.WebRTC.StunTurn\Xamarin.WebRTC.StunTurn.csproj", "{4E3C748C-62D2-4102-AAB6-9C4A5897937C}"
EndProject
Project("{8BB2217D-0F2D-49D1-97BC-3654ED321F3B}") = "Xamarin.WebRTC.Signaling", "Cloud\Xamarin.WebRTC.Signaling\Xamarin.WebRTC.Signaling.xproj", "{C2E4222F-3748-4B7E-9F26-DDAFE81B2BD3}"
EndProject
Project("{FAE04EC0-301F-11D3-BF4B-00C04F79EFBC}") = "Xamarin.WebRTC.Mobile", "Clients\Xamarin.WebRTC.Mobile\Xamarin.WebRTC.Mobile\Xamarin.WebRTC.Mobile.csproj", "{014A4E55-8719-4FE1-B32D-0B34F6F8DDCB}"
EndProject
Project("{FAE04EC0-301F-11D3-BF4B-00C04F79EFBC}") = "Xamarin.WebRTC.Mobile.Android", "Clients\Xamarin.WebRTC.Mobile\Xamarin.WebRTC.Mobile.Android\Xamarin.WebRTC.Mobile.Android.csproj", "{B3584B98-46BF-4573-AAA2-6019891DD740}"
EndProject
Project("{FAE04EC0-301F-11D3-BF4B-00C04F79EFBC}") = "Xamarin.WebRTC.Mobile.iOS", "Clients\Xamarin.WebRTC.Mobile\Xamarin.WebRTC.Mobile.iOS\Xamarin.WebRTC.Mobile.iOS.csproj", "{D3A6F681-73F1-46C5-9513-805505224545}"
EndProject
Global
	GlobalSection(SolutionConfigurationPlatforms) = preSolution
		Debug|Any CPU = Debug|Any CPU
		Debug|iPhone = Debug|iPhone
		Debug|iPhoneSimulator = Debug|iPhoneSimulator
		Release|Any CPU = Release|Any CPU
		Release|iPhone = Release|iPhone
		Release|iPhoneSimulator = Release|iPhoneSimulator
	EndGlobalSection
	GlobalSection(ProjectConfigurationPlatforms) = postSolution
		{4E3C748C-62D2-4102-AAB6-9C4A5897937C}.Debug|Any CPU.ActiveCfg = Debug|Any CPU
		{4E3C748C-62D2-4102-AAB6-9C4A5897937C}.Debug|Any CPU.Build.0 = Debug|Any CPU
		{4E3C748C-62D2-4102-AAB6-9C4A5897937C}.Debug|iPhone.ActiveCfg = Debug|Any CPU
		{4E3C748C-62D2-4102-AAB6-9C4A5897937C}.Debug|iPhone.Build.0 = Debug|Any CPU
		{4E3C748C-62D2-4102-AAB6-9C4A5897937C}.Debug|iPhoneSimulator.ActiveCfg = Debug|Any CPU
		{4E3C748C-62D2-4102-AAB6-9C4A5897937C}.Debug|iPhoneSimulator.Build.0 = Debug|Any CPU
		{4E3C748C-62D2-4102-AAB6-9C4A5897937C}.Release|Any CPU.ActiveCfg = Release|Any CPU
		{4E3C748C-62D2-4102-AAB6-9C4A5897937C}.Release|Any CPU.Build.0 = Release|Any CPU
		{4E3C748C-62D2-4102-AAB6-9C4A5897937C}.Release|iPhone.ActiveCfg = Release|Any CPU
		{4E3C748C-62D2-4102-AAB6-9C4A5897937C}.Release|iPhone.Build.0 = Release|Any CPU
		{4E3C748C-62D2-4102-AAB6-9C4A5897937C}.Release|iPhoneSimulator.ActiveCfg = Release|Any CPU
		{4E3C748C-62D2-4102-AAB6-9C4A5897937C}.Release|iPhoneSimulator.Build.0 = Release|Any CPU
		{C2E4222F-3748-4B7E-9F26-DDAFE81B2BD3}.Debug|Any CPU.ActiveCfg = Debug|Any CPU
		{C2E4222F-3748-4B7E-9F26-DDAFE81B2BD3}.Debug|Any CPU.Build.0 = Debug|Any CPU
		{C2E4222F-3748-4B7E-9F26-DDAFE81B2BD3}.Debug|iPhone.ActiveCfg = Debug|Any CPU
		{C2E4222F-3748-4B7E-9F26-DDAFE81B2BD3}.Debug|iPhone.Build.0 = Debug|Any CPU
		{C2E4222F-3748-4B7E-9F26-DDAFE81B2BD3}.Debug|iPhoneSimulator.ActiveCfg = Debug|Any CPU
		{C2E4222F-3748-4B7E-9F26-DDAFE81B2BD3}.Debug|iPhoneSimulator.Build.0 = Debug|Any CPU
		{C2E4222F-3748-4B7E-9F26-DDAFE81B2BD3}.Release|Any CPU.ActiveCfg = Release|Any CPU
		{C2E4222F-3748-4B7E-9F26-DDAFE81B2BD3}.Release|Any CPU.Build.0 = Release|Any CPU
		{C2E4222F-3748-4B7E-9F26-DDAFE81B2BD3}.Release|iPhone.ActiveCfg = Release|Any CPU
		{C2E4222F-3748-4B7E-9F26-DDAFE81B2BD3}.Release|iPhone.Build.0 = Release|Any CPU
		{C2E4222F-3748-4B7E-9F26-DDAFE81B2BD3}.Release|iPhoneSimulator.ActiveCfg = Release|Any CPU
		{C2E4222F-3748-4B7E-9F26-DDAFE81B2BD3}.Release|iPhoneSimulator.Build.0 = Release|Any CPU
		{014A4E55-8719-4FE1-B32D-0B34F6F8DDCB}.Debug|Any CPU.ActiveCfg = Debug|Any CPU
		{014A4E55-8719-4FE1-B32D-0B34F6F8DDCB}.Debug|Any CPU.Build.0 = Debug|Any CPU
		{014A4E55-8719-4FE1-B32D-0B34F6F8DDCB}.Debug|iPhone.ActiveCfg = Debug|Any CPU
		{014A4E55-8719-4FE1-B32D-0B34F6F8DDCB}.Debug|iPhone.Build.0 = Debug|Any CPU
		{014A4E55-8719-4FE1-B32D-0B34F6F8DDCB}.Debug|iPhoneSimulator.ActiveCfg = Debug|Any CPU
		{014A4E55-8719-4FE1-B32D-0B34F6F8DDCB}.Debug|iPhoneSimulator.Build.0 = Debug|Any CPU
		{014A4E55-8719-4FE1-B32D-0B34F6F8DDCB}.Release|Any CPU.ActiveCfg = Release|Any CPU
		{014A4E55-8719-4FE1-B32D-0B34F6F8DDCB}.Release|Any CPU.Build.0 = Release|Any CPU
		{014A4E55-8719-4FE1-B32D-0B34F6F8DDCB}.Release|iPhone.ActiveCfg = Release|Any CPU
		{014A4E55-8719-4FE1-B32D-0B34F6F8DDCB}.Release|iPhone.Build.0 = Release|Any CPU
		{014A4E55-8719-4FE1-B32D-0B34F6F8DDCB}.Release|iPhoneSimulator.ActiveCfg = Release|Any CPU
		{014A4E55-8719-4FE1-B32D-0B34F6F8DDCB}.Release|iPhoneSimulator.Build.0 = Release|Any CPU
		{B3584B98-46BF-4573-AAA2-6019891DD740}.Debug|Any CPU.ActiveCfg = Debug|Any CPU
		{B3584B98-46BF-4573-AAA2-6019891DD740}.Debug|Any CPU.Build.0 = Debug|Any CPU
		{B3584B98-46BF-4573-AAA2-6019891DD740}.Debug|Any CPU.Deploy.0 = Debug|Any CPU
		{B3584B98-46BF-4573-AAA2-6019891DD740}.Debug|iPhone.ActiveCfg = Debug|Any CPU
		{B3584B98-46BF-4573-AAA2-6019891DD740}.Debug|iPhone.Build.0 = Debug|Any CPU
		{B3584B98-46BF-4573-AAA2-6019891DD740}.Debug|iPhone.Deploy.0 = Debug|Any CPU
		{B3584B98-46BF-4573-AAA2-6019891DD740}.Debug|iPhoneSimulator.ActiveCfg = Debug|Any CPU
		{B3584B98-46BF-4573-AAA2-6019891DD740}.Debug|iPhoneSimulator.Build.0 = Debug|Any CPU
		{B3584B98-46BF-4573-AAA2-6019891DD740}.Debug|iPhoneSimulator.Deploy.0 = Debug|Any CPU
		{B3584B98-46BF-4573-AAA2-6019891DD740}.Release|Any CPU.ActiveCfg = Release|Any CPU
		{B3584B98-46BF-4573-AAA2-6019891DD740}.Release|Any CPU.Build.0 = Release|Any CPU
		{B3584B98-46BF-4573-AAA2-6019891DD740}.Release|Any CPU.Deploy.0 = Release|Any CPU
		{B3584B98-46BF-4573-AAA2-6019891DD740}.Release|iPhone.ActiveCfg = Release|Any CPU
		{B3584B98-46BF-4573-AAA2-6019891DD740}.Release|iPhone.Build.0 = Release|Any CPU
		{B3584B98-46BF-4573-AAA2-6019891DD740}.Release|iPhone.Deploy.0 = Release|Any CPU
		{B3584B98-46BF-4573-AAA2-6019891DD740}.Release|iPhoneSimulator.ActiveCfg = Release|Any CPU
		{B3584B98-46BF-4573-AAA2-6019891DD740}.Release|iPhoneSimulator.Build.0 = Release|Any CPU
		{B3584B98-46BF-4573-AAA2-6019891DD740}.Release|iPhoneSimulator.Deploy.0 = Release|Any CPU
		{D3A6F681-73F1-46C5-9513-805505224545}.Debug|Any CPU.ActiveCfg = Debug|iPhone
		{D3A6F681-73F1-46C5-9513-805505224545}.Debug|iPhone.ActiveCfg = Debug|iPhone
		{D3A6F681-73F1-46C5-9513-805505224545}.Debug|iPhone.Build.0 = Debug|iPhone
		{D3A6F681-73F1-46C5-9513-805505224545}.Debug|iPhoneSimulator.ActiveCfg = Debug|iPhoneSimulator
		{D3A6F681-73F1-46C5-9513-805505224545}.Debug|iPhoneSimulator.Build.0 = Debug|iPhoneSimulator
		{D3A6F681-73F1-46C5-9513-805505224545}.Release|Any CPU.ActiveCfg = Release|iPhone
		{D3A6F681-73F1-46C5-9513-805505224545}.Release|iPhone.ActiveCfg = Release|iPhone
		{D3A6F681-73F1-46C5-9513-805505224545}.Release|iPhone.Build.0 = Release|iPhone
		{D3A6F681-73F1-46C5-9513-805505224545}.Release|iPhoneSimulator.ActiveCfg = Release|iPhoneSimulator
		{D3A6F681-73F1-46C5-9513-805505224545}.Release|iPhoneSimulator.Build.0 = Release|iPhoneSimulator
	EndGlobalSection
	GlobalSection(SolutionProperties) = preSolution
		HideSolutionNode = FALSE
	EndGlobalSection
	GlobalSection(NestedProjects) = preSolution
		{4E3C748C-62D2-4102-AAB6-9C4A5897937C} = {98A2C71F-BF3F-4E6E-9253-E81DA6D39B2E}
		{C2E4222F-3748-4B7E-9F26-DDAFE81B2BD3} = {98A2C71F-BF3F-4E6E-9253-E81DA6D39B2E}
		{014A4E55-8719-4FE1-B32D-0B34F6F8DDCB} = {A40EDE6E-535F-4F6F-9BD7-587BD049CD88}
		{B3584B98-46BF-4573-AAA2-6019891DD740} = {A40EDE6E-535F-4F6F-9BD7-587BD049CD88}
		{D3A6F681-73F1-46C5-9513-805505224545} = {A40EDE6E-535F-4F6F-9BD7-587BD049CD88}
	EndGlobalSection
EndGlobal
